{
  "requires": true,
  "lockfileVersion": 1,
  "dependencies": {
    "react-native-network-info": {
      "version": "5.2.1",
      "resolved": "https://registry.npmjs.org/react-native-network-info/-/react-native-network-info-5.2.1.tgz",
      "integrity": "sha512-iam74xXtrSqqZurCl1/bSjZ9jXcsJY84g7brx1/4uVGCY26c6m+4CArHNSHOsz5ATg2NQT+81sjNy0KlCPyK4g=="
    }
  }
}
